// !$*UTF8*$!
{
	archiveVersion = 1;
	classes = {
	};
	objectVersion = 56;
	objects = {

/* Begin PBXBuildFile section */
		D03C949C2C0EC2750030AD8E /* AppDelegate.swift in Sources */ = {isa = PBXBuildFile; fileRef = D03C949B2C0EC2750030AD8E /* AppDelegate.swift */; };
		D03C949E2C0EC2750030AD8E /* SceneDelegate.swift in Sources */ = {isa = PBXBuildFile; fileRef = D03C949D2C0EC2750030AD8E /* SceneDelegate.swift */; };
		D03C94A02C0EC2750030AD8E /* MainViewController.swift in Sources */ = {isa = PBXBuildFile; fileRef = D03C949F2C0EC2750030AD8E /* MainViewController.swift */; };
		D03C94A52C0EC2760030AD8E /* Assets.xcassets in Resources */ = {isa = PBXBuildFile; fileRef = D03C94A42C0EC2760030AD8E /* Assets.xcassets */; };
		D03C94A82C0EC2760030AD8E /* LaunchScreen.storyboard in Resources */ = {isa = PBXBuildFile; fileRef = D03C94A62C0EC2760030AD8E /* LaunchScreen.storyboard */; };
		D03C94B02C0EC2870030AD8E /* GoogleService-Info.plist in Resources */ = {isa = PBXBuildFile; fileRef = D03C94AF2C0EC2870030AD8E /* GoogleService-Info.plist */; };
		D03C94B92C0F191A0030AD8E /* FirebaseService.swift in Sources */ = {isa = PBXBuildFile; fileRef = D03C94B82C0F191A0030AD8E /* FirebaseService.swift */; };
		D03C94BB2C0F21450030AD8E /* FirebaseModels.swift in Sources */ = {isa = PBXBuildFile; fileRef = D03C94BA2C0F21450030AD8E /* FirebaseModels.swift */; };
		D0C026252C19F62100ACF62B /* FirebaseFirestore in Frameworks */ = {isa = PBXBuildFile; productRef = D0C026242C19F62100ACF62B /* FirebaseFirestore */; };
		D0C026272C19F62100ACF62B /* FirebaseFirestoreCombine-Community in Frameworks */ = {isa = PBXBuildFile; productRef = D0C026262C19F62100ACF62B /* FirebaseFirestoreCombine-Community */; };
		D0C026292C19F62100ACF62B /* FirebaseFirestoreSwift in Frameworks */ = {isa = PBXBuildFile; productRef = D0C026282C19F62100ACF62B /* FirebaseFirestoreSwift */; };
		D0C0262B2C19F62100ACF62B /* FirebaseStorage in Frameworks */ = {isa = PBXBuildFile; productRef = D0C0262A2C19F62100ACF62B /* FirebaseStorage */; };
		D0C0262D2C19F62100ACF62B /* FirebaseStorageCombine-Community in Frameworks */ = {isa = PBXBuildFile; productRef = D0C0262C2C19F62100ACF62B /* FirebaseStorageCombine-Community */; };
/* End PBXBuildFile section */

/* Begin PBXFileReference section */
		D03C94982C0EC2750030AD8E /* mypain.app */ = {isa = PBXFileReference; explicitFileType = wrapper.application; includeInIndex = 0; path = mypain.app; sourceTree = BUILT_PRODUCTS_DIR; };
		D03C949B2C0EC2750030AD8E /* AppDelegate.swift */ = {isa = PBXFileReference; lastKnownFileType = sourcecode.swift; path = AppDelegate.swift; sourceTree = "<group>"; };
		D03C949D2C0EC2750030AD8E /* SceneDelegate.swift */ = {isa = PBXFileReference; lastKnownFileType = sourcecode.swift; path = SceneDelegate.swift; sourceTree = "<group>"; };
		D03C949F2C0EC2750030AD8E /* MainViewController.swift */ = {isa = PBXFileReference; lastKnownFileType = sourcecode.swift; path = MainViewController.swift; sourceTree = "<group>"; };
		D03C94A42C0EC2760030AD8E /* Assets.xcassets */ = {isa = PBXFileReference; lastKnownFileType = folder.assetcatalog; path = Assets.xcassets; sourceTree = "<group>"; };
		D03C94A72C0EC2760030AD8E /* Base */ = {isa = PBXFileReference; lastKnownFileType = file.storyboard; name = Base; path = Base.lproj/LaunchScreen.storyboard; sourceTree = "<group>"; };
		D03C94A92C0EC2760030AD8E /* Info.plist */ = {isa = PBXFileReference; lastKnownFileType = text.plist.xml; path = Info.plist; sourceTree = "<group>"; };
		D03C94AF2C0EC2870030AD8E /* GoogleService-Info.plist */ = {isa = PBXFileReference; fileEncoding = 4; lastKnownFileType = text.plist.xml; path = "GoogleService-Info.plist"; sourceTree = "<group>"; };
		D03C94B82C0F191A0030AD8E /* FirebaseService.swift */ = {isa = PBXFileReference; lastKnownFileType = sourcecode.swift; path = FirebaseService.swift; sourceTree = "<group>"; };
		D03C94BA2C0F21450030AD8E /* FirebaseModels.swift */ = {isa = PBXFileReference; lastKnownFileType = sourcecode.swift; path = FirebaseModels.swift; sourceTree = "<group>"; };
/* End PBXFileReference section */

/* Begin PBXFrameworksBuildPhase section */
		D03C94952C0EC2750030AD8E /* Frameworks */ = {
			isa = PBXFrameworksBuildPhase;
			buildActionMask = 2147483647;
			files = (
				D0C026252C19F62100ACF62B /* FirebaseFirestore in Frameworks */,
				D0C0262B2C19F62100ACF62B /* FirebaseStorage in Frameworks */,
				D0C0262D2C19F62100ACF62B /* FirebaseStorageCombine-Community in Frameworks */,
				D0C026272C19F62100ACF62B /* FirebaseFirestoreCombine-Community in Frameworks */,
				D0C026292C19F62100ACF62B /* FirebaseFirestoreSwift in Frameworks */,
			);
			runOnlyForDeploymentPostprocessing = 0;
		};
/* End PBXFrameworksBuildPhase section */

/* Begin PBXGroup section */
		D03C948F2C0EC2750030AD8E = {
			isa = PBXGroup;
			children = (
				D03C949A2C0EC2750030AD8E /* mypain */,
				D03C94992C0EC2750030AD8E /* Products */,
			);
			sourceTree = "<group>";
		};
		D03C94992C0EC2750030AD8E /* Products */ = {
			isa = PBXGroup;
			children = (
				D03C94982C0EC2750030AD8E /* mypain.app */,
			);
			name = Products;
			sourceTree = "<group>";
		};
		D03C949A2C0EC2750030AD8E /* mypain */ = {
			isa = PBXGroup;
			children = (
				D03C949B2C0EC2750030AD8E /* AppDelegate.swift */,
				D03C949D2C0EC2750030AD8E /* SceneDelegate.swift */,
				D03C949F2C0EC2750030AD8E /* MainViewController.swift */,
				D03C94B82C0F191A0030AD8E /* FirebaseService.swift */,
				D03C94A42C0EC2760030AD8E /* Assets.xcassets */,
				D03C94A62C0EC2760030AD8E /* LaunchScreen.storyboard */,
				D03C94AF2C0EC2870030AD8E /* GoogleService-Info.plist */,
				D03C94A92C0EC2760030AD8E /* Info.plist */,
				D03C94BA2C0F21450030AD8E /* FirebaseModels.swift */,
			);
			path = mypain;
			sourceTree = "<group>";
		};
/* End PBXGroup section */

/* Begin PBXNativeTarget section */
		D03C94972C0EC2750030AD8E /* mypain */ = {
			isa = PBXNativeTarget;
			buildConfigurationList = D03C94AC2C0EC2760030AD8E /* Build configuration list for PBXNativeTarget "mypain" */;
			buildPhases = (
				D03C94942C0EC2750030AD8E /* Sources */,
				D03C94952C0EC2750030AD8E /* Frameworks */,
				D03C94962C0EC2750030AD8E /* Resources */,
			);
			buildRules = (
			);
			dependencies = (
			);
			name = mypain;
			packageProductDependencies = (
				D0C026242C19F62100ACF62B /* FirebaseFirestore */,
				D0C026262C19F62100ACF62B /* FirebaseFirestoreCombine-Community */,
				D0C026282C19F62100ACF62B /* FirebaseFirestoreSwift */,
				D0C0262A2C19F62100ACF62B /* FirebaseStorage */,
				D0C0262C2C19F62100ACF62B /* FirebaseStorageCombine-Community */,
			);
			productName = mypain;
			productReference = D03C94982C0EC2750030AD8E /* mypain.app */;
			productType = "com.apple.product-type.application";
		};
/* End PBXNativeTarget section */

/* Begin PBXProject section */
		D03C94902C0EC2750030AD8E /* Project object */ = {
			isa = PBXProject;
			attributes = {
				BuildIndependentTargetsInParallel = 1;
				LastSwiftUpdateCheck = 1510;
				LastUpgradeCheck = 1510;
				TargetAttributes = {
					D03C94972C0EC2750030AD8E = {
						CreatedOnToolsVersion = 15.1;
					};
				};
			};
			buildConfigurationList = D03C94932C0EC2750030AD8E /* Build configuration list for PBXProject "mypain" */;
			compatibilityVersion = "Xcode 14.0";
			developmentRegion = en;
			hasScannedForEncodings = 0;
			knownRegions = (
				en,
				Base,
			);
			mainGroup = D03C948F2C0EC2750030AD8E;
			packageReferences = (
				D0C026232C19F62100ACF62B /* XCRemoteSwiftPackageReference "firebase-ios-sdk" */,
			);
			productRefGroup = D03C94992C0EC2750030AD8E /* Products */;
			projectDirPath = "";
			projectRoot = "";
			targets = (
				D03C94972C0EC2750030AD8E /* mypain */,
			);
		};
/* End PBXProject section */

/* Begin PBXResourcesBuildPhase section */
		D03C94962C0EC2750030AD8E /* Resources */ = {
			isa = PBXResourcesBuildPhase;
			buildActionMask = 2147483647;
			files = (
				D03C94B02C0EC2870030AD8E /* GoogleService-Info.plist in Resources */,
				D03C94A82C0EC2760030AD8E /* LaunchScreen.storyboard in Resources */,
				D03C94A52C0EC2760030AD8E /* Assets.xcassets in Resources */,
			);
			runOnlyForDeploymentPostprocessing = 0;
		};
/* End PBXResourcesBuildPhase section */

/* Begin PBXSourcesBuildPhase section */
		D03C94942C0EC2750030AD8E /* Sources */ = {
			isa = PBXSourcesBuildPhase;
			buildActionMask = 2147483647;
			files = (
				D03C94A02C0EC2750030AD8E /* MainViewController.swift in Sources */,
				D03C94BB2C0F21450030AD8E /* FirebaseModels.swift in Sources */,
				D03C949C2C0EC2750030AD8E /* AppDelegate.swift in Sources */,
				D03C94B92C0F191A0030AD8E /* FirebaseService.swift in Sources */,
				D03C949E2C0EC2750030AD8E /* SceneDelegate.swift in Sources */,
			);
			runOnlyForDeploymentPostprocessing = 0;
		};
/* End PBXSourcesBuildPhase section */

/* Begin PBXVariantGroup section */
		D03C94A62C0EC2760030AD8E /* LaunchScreen.storyboard */ = {
			isa = PBXVariantGroup;
			children = (
				D03C94A72C0EC2760030AD8E /* Base */,
			);
			name = LaunchScreen.storyboard;
			sourceTree = "<group>";
		};
/* End PBXVariantGroup section */

/* Begin XCBuildConfiguration section */
		D03C94AA2C0EC2760030AD8E /* Debug */ = {
			isa = XCBuildConfiguration;
			buildSettings = {
				ALWAYS_SEARCH_USER_PATHS = NO;
				ASSETCATALOG_COMPILER_GENERATE_SWIFT_ASSET_SYMBOL_EXTENSIONS = YES;
				CLANG_ANALYZER_NONNULL = YES;
				CLANG_ANALYZER_NUMBER_OBJECT_CONVERSION = YES_AGGRESSIVE;
				CLANG_CXX_LANGUAGE_STANDARD = "gnu++20";
				CLANG_ENABLE_MODULES = YES;
				CLANG_ENABLE_OBJC_ARC = YES;
				CLANG_ENABLE_OBJC_WEAK = YES;
				CLANG_WARN_BLOCK_CAPTURE_AUTORELEASING = YES;
				CLANG_WARN_BOOL_CONVERSION = YES;
				CLANG_WARN_COMMA = YES;
				CLANG_WARN_CONSTANT_CONVERSION = YES;
				CLANG_WARN_DEPRECATED_OBJC_IMPLEMENTATIONS = YES;
				CLANG_WARN_DIRECT_OBJC_ISA_USAGE = YES_ERROR;
				CLANG_WARN_DOCUMENTATION_COMMENTS = YES;
				CLANG_WARN_EMPTY_BODY = YES;
				CLANG_WARN_ENUM_CONVERSION = YES;
				CLANG_WARN_INFINITE_RECURSION = YES;
				CLANG_WARN_INT_CONVERSION = YES;
				CLANG_WARN_NON_LITERAL_NULL_CONVERSION = YES;
				CLANG_WARN_OBJC_IMPLICIT_RETAIN_SELF = YES;
				CLANG_WARN_OBJC_LITERAL_CONVERSION = YES;
				CLANG_WARN_OBJC_ROOT_CLASS = YES_ERROR;
				CLANG_WARN_QUOTED_INCLUDE_IN_FRAMEWORK_HEADER = YES;
				CLANG_WARN_RANGE_LOOP_ANALYSIS = YES;
				CLANG_WARN_STRICT_PROTOTYPES = YES;
				CLANG_WARN_SUSPICIOUS_MOVE = YES;
				CLANG_WARN_UNGUARDED_AVAILABILITY = YES_AGGRESSIVE;
				CLANG_WARN_UNREACHABLE_CODE = YES;
				CLANG_WARN__DUPLICATE_METHOD_MATCH = YES;
				COPY_PHASE_STRIP = NO;
				DEBUG_INFORMATION_FORMAT = dwarf;
				ENABLE_STRICT_OBJC_MSGSEND = YES;
				ENABLE_TESTABILITY = YES;
				ENABLE_USER_SCRIPT_SANDBOXING = YES;
				GCC_C_LANGUAGE_STANDARD = gnu17;
				GCC_DYNAMIC_NO_PIC = NO;
				GCC_NO_COMMON_BLOCKS = YES;
				GCC_OPTIMIZATION_LEVEL = 0;
				GCC_PREPROCESSOR_DEFINITIONS = (
					"DEBUG=1",
					"$(inherited)",
				);
				GCC_WARN_64_TO_32_BIT_CONVERSION = YES;
				GCC_WARN_ABOUT_RETURN_TYPE = YES_ERROR;
				GCC_WARN_UNDECLARED_SELECTOR = YES;
				GCC_WARN_UNINITIALIZED_AUTOS = YES_AGGRESSIVE;
				GCC_WARN_UNUSED_FUNCTION = YES;
				GCC_WARN_UNUSED_VARIABLE = YES;
				IPHONEOS_DEPLOYMENT_TARGET = 17.2;
				LOCALIZATION_PREFERS_STRING_CATALOGS = YES;
				MTL_ENABLE_DEBUG_INFO = INCLUDE_SOURCE;
				MTL_FAST_MATH = YES;
				ONLY_ACTIVE_ARCH = YES;
				SDKROOT = iphoneos;
				SWIFT_ACTIVE_COMPILATION_CONDITIONS = "DEBUG $(inherited)";
				SWIFT_OPTIMIZATION_LEVEL = "-Onone";
			};
			name = Debug;
		};
		D03C94AB2C0EC2760030AD8E /* Release */ = {
			isa = XCBuildConfiguration;
			buildSettings = {
				ALWAYS_SEARCH_USER_PATHS = NO;
				ASSETCATALOG_COMPILER_GENERATE_SWIFT_ASSET_SYMBOL_EXTENSIONS = YES;
				CLANG_ANALYZER_NONNULL = YES;
				CLANG_ANALYZER_NUMBER_OBJECT_CONVERSION = YES_AGGRESSIVE;
				CLANG_CXX_LANGUAGE_STANDARD = "gnu++20";
				CLANG_ENABLE_MODULES = YES;
				CLANG_ENABLE_OBJC_ARC = YES;
				CLANG_ENABLE_OBJC_WEAK = YES;
				CLANG_WARN_BLOCK_CAPTURE_AUTORELEASING = YES;
				CLANG_WARN_BOOL_CONVERSION = YES;
				CLANG_WARN_COMMA = YES;
				CLANG_WARN_CONSTANT_CONVERSION = YES;
				CLANG_WARN_DEPRECATED_OBJC_IMPLEMENTATIONS = YES;
				CLANG_WARN_DIRECT_OBJC_ISA_USAGE = YES_ERROR;
				CLANG_WARN_DOCUMENTATION_COMMENTS = YES;
				CLANG_WARN_EMPTY_BODY = YES;
				CLANG_WARN_ENUM_CONVERSION = YES;
				CLANG_WARN_INFINITE_RECURSION = YES;
				CLANG_WARN_INT_CONVERSION = YES;
				CLANG_WARN_NON_LITERAL_NULL_CONVERSION = YES;
				CLANG_WARN_OBJC_IMPLICIT_RETAIN_SELF = YES;
				CLANG_WARN_OBJC_LITERAL_CONVERSION = YES;
				CLANG_WARN_OBJC_ROOT_CLASS = YES_ERROR;
				CLANG_WARN_QUOTED_INCLUDE_IN_FRAMEWORK_HEADER = YES;
				CLANG_WARN_RANGE_LOOP_ANALYSIS = YES;
				CLANG_WARN_STRICT_PROTOTYPES = YES;
				CLANG_WARN_SUSPICIOUS_MOVE = YES;
				CLANG_WARN_UNGUARDED_AVAILABILITY = YES_AGGRESSIVE;
				CLANG_WARN_UNREACHABLE_CODE = YES;
				CLANG_WARN__DUPLICATE_METHOD_MATCH = YES;
				COPY_PHASE_STRIP = NO;
				DEBUG_INFORMATION_FORMAT = "dwarf-with-dsym";
				ENABLE_NS_ASSERTIONS = NO;
				ENABLE_STRICT_OBJC_MSGSEND = YES;
				ENABLE_USER_SCRIPT_SANDBOXING = YES;
				GCC_C_LANGUAGE_STANDARD = gnu17;
				GCC_NO_COMMON_BLOCKS = YES;
				GCC_WARN_64_TO_32_BIT_CONVERSION = YES;
				GCC_WARN_ABOUT_RETURN_TYPE = YES_ERROR;
				GCC_WARN_UNDECLARED_SELECTOR = YES;
				GCC_WARN_UNINITIALIZED_AUTOS = YES_AGGRESSIVE;
				GCC_WARN_UNUSED_FUNCTION = YES;
				GCC_WARN_UNUSED_VARIABLE = YES;
				IPHONEOS_DEPLOYMENT_TARGET = 17.2;
				LOCALIZATION_PREFERS_STRING_CATALOGS = YES;
				MTL_ENABLE_DEBUG_INFO = NO;
				MTL_FAST_MATH = YES;
				SDKROOT = iphoneos;
				SWIFT_COMPILATION_MODE = wholemodule;
				VALIDATE_PRODUCT = YES;
			};
			name = Release;
		};
		D03C94AD2C0EC2760030AD8E /* Debug */ = {
			isa = XCBuildConfiguration;
			buildSettings = {
				ASSETCATALOG_COMPILER_APPICON_NAME = AppIcon;
				ASSETCATALOG_COMPILER_GLOBAL_ACCENT_COLOR_NAME = AccentColor;
				CODE_SIGN_STYLE = Automatic;
				CURRENT_PROJECT_VERSION = 1;
				DEVELOPMENT_TEAM = ZT525LAF69;
				GENERATE_INFOPLIST_FILE = YES;
				INFOPLIST_FILE = mypain/Info.plist;
				INFOPLIST_KEY_UIApplicationSupportsIndirectInputEvents = YES;
				INFOPLIST_KEY_UILaunchStoryboardName = LaunchScreen;
				INFOPLIST_KEY_UISupportedInterfaceOrientations_iPhone = UIInterfaceOrientationPortrait;
				LD_RUNPATH_SEARCH_PATHS = (
					"$(inherited)",
					"@executable_path/Frameworks",
				);
				MARKETING_VERSION = 1.0;
				PRODUCT_BUNDLE_IDENTIFIER = com.gmail.gromovitaly.mypain;
				PRODUCT_NAME = "$(TARGET_NAME)";
				SWIFT_EMIT_LOC_STRINGS = YES;
				SWIFT_VERSION = 5.0;
				TARGETED_DEVICE_FAMILY = "1,2";
			};
			name = Debug;
		};
		D03C94AE2C0EC2760030AD8E /* Release */ = {
			isa = XCBuildConfiguration;
			buildSettings = {
				ASSETCATALOG_COMPILER_APPICON_NAME = AppIcon;
				ASSETCATALOG_COMPILER_GLOBAL_ACCENT_COLOR_NAME = AccentColor;
				CODE_SIGN_STYLE = Automatic;
				CURRENT_PROJECT_VERSION = 1;
				DEVELOPMENT_TEAM = ZT525LAF69;
				GENERATE_INFOPLIST_FILE = YES;
				INFOPLIST_FILE = mypain/Info.plist;
				INFOPLIST_KEY_UIApplicationSupportsIndirectInputEvents = YES;
				INFOPLIST_KEY_UILaunchStoryboardName = LaunchScreen;
				INFOPLIST_KEY_UISupportedInterfaceOrientations_iPhone = UIInterfaceOrientationPortrait;
				LD_RUNPATH_SEARCH_PATHS = (
					"$(inherited)",
					"@executable_path/Frameworks",
				);
				MARKETING_VERSION = 1.0;
				PRODUCT_BUNDLE_IDENTIFIER = com.gmail.gromovitaly.mypain;
				PRODUCT_NAME = "$(TARGET_NAME)";
				SWIFT_EMIT_LOC_STRINGS = YES;
				SWIFT_VERSION = 5.0;
				TARGETED_DEVICE_FAMILY = "1,2";
			};
			name = Release;
		};
/* End XCBuildConfiguration section */

/* Begin XCConfigurationList section */
		D03C94932C0EC2750030AD8E /* Build configuration list for PBXProject "mypain" */ = {
			isa = XCConfigurationList;
			buildConfigurations = (
				D03C94AA2C0EC2760030AD8E /* Debug */,
				D03C94AB2C0EC2760030AD8E /* Release */,
			);
			defaultConfigurationIsVisible = 0;
			defaultConfigurationName = Release;
		};
		D03C94AC2C0EC2760030AD8E /* Build configuration list for PBXNativeTarget "mypain" */ = {
			isa = XCConfigurationList;
			buildConfigurations = (
				D03C94AD2C0EC2760030AD8E /* Debug */,
				D03C94AE2C0EC2760030AD8E /* Release */,
			);
			defaultConfigurationIsVisible = 0;
			defaultConfigurationName = Release;
		};
/* End XCConfigurationList section */

/* Begin XCRemoteSwiftPackageReference section */
		D0C026232C19F62100ACF62B /* XCRemoteSwiftPackageReference "firebase-ios-sdk" */ = {
			isa = XCRemoteSwiftPackageReference;
			repositoryURL = "https://github.com/firebase/firebase-ios-sdk";
			requirement = {
				kind = upToNextMajorVersion;
				minimumVersion = 10.27.0;
			};
		};
/* End XCRemoteSwiftPackageReference section */

/* Begin XCSwiftPackageProductDependency section */
		D0C026242C19F62100ACF62B /* FirebaseFirestore */ = {
			isa = XCSwiftPackageProductDependency;
			package = D0C026232C19F62100ACF62B /* XCRemoteSwiftPackageReference "firebase-ios-sdk" */;
			productName = FirebaseFirestore;
		};
		D0C026262C19F62100ACF62B /* FirebaseFirestoreCombine-Community */ = {
			isa = XCSwiftPackageProductDependency;
			package = D0C026232C19F62100ACF62B /* XCRemoteSwiftPackageReference "firebase-ios-sdk" */;
			productName = "FirebaseFirestoreCombine-Community";
		};
		D0C026282C19F62100ACF62B /* FirebaseFirestoreSwift */ = {
			isa = XCSwiftPackageProductDependency;
			package = D0C026232C19F62100ACF62B /* XCRemoteSwiftPackageReference "firebase-ios-sdk" */;
			productName = FirebaseFirestoreSwift;
		};
		D0C0262A2C19F62100ACF62B /* FirebaseStorage */ = {
			isa = XCSwiftPackageProductDependency;
			package = D0C026232C19F62100ACF62B /* XCRemoteSwiftPackageReference "firebase-ios-sdk" */;
			productName = FirebaseStorage;
		};
		D0C0262C2C19F62100ACF62B /* FirebaseStorageCombine-Community */ = {
			isa = XCSwiftPackageProductDependency;
			package = D0C026232C19F62100ACF62B /* XCRemoteSwiftPackageReference "firebase-ios-sdk" */;
			productName = "FirebaseStorageCombine-Community";
		};
/* End XCSwiftPackageProductDependency section */
	};
	rootObject = D03C94902C0EC2750030AD8E /* Project object */;
}
